PODS:
  - Alamofire (4.7.3)
  - IQKeyboardManagerSwift (6.1.1)
  - MarqueeLabel/Swift (3.1.6)
  - NotificationBannerSwift (1.6.3):
    - MarqueeLabel/Swift
    - SnapKit (~> 4.0)
  - SnapKit (4.0.0)
  - SwiftyJSON (4.1.0)

DEPENDENCIES:
  - Alamofire (~> 4.7)
  - IQKeyboardManagerSwift
  - NotificationBannerSwift
  - SwiftyJSON (~> 4.0)

SPEC REPOS:
  https://github.com/cocoapods/specs.git:
    - Alamofire
    - IQKeyboardManagerSwift
    - MarqueeLabel
    - NotificationBannerSwift
    - SnapKit
    - SwiftyJSON

SPEC CHECKSUMS:
  Alamofire: c7287b6e5d7da964a70935e5db17046b7fde6568
  IQKeyboardManagerSwift: 977affaeb4d6e971975c7790a6850f31d38f1207
  MarqueeLabel: 0c41f08ef5773e29c0f71064a8fa788a2fd8b365
  NotificationBannerSwift: b231e4c3244848ef300e1c53ce027b9756b9b06f
  SnapKit: a42d492c16e80209130a3379f73596c3454b7694
  SwiftyJSON: c29297daf073d2aa016295d5809cdd68045c39b3

PODFILE CHECKSUM: 98d153f019cbf32872522712f1947587dcc2c4b7

COCOAPODS: 1.5.3
